
Microsoft Visual Studio Solution File, Format Version 12.00
# Visual Studio Version 17
VisualStudioVersion = 17.2.32630.192
MinimumVisualStudioVersion = 10.0.40219.1
Project("{FAE04EC0-301F-11D3-BF4B-00C04F79EFBC}") = "Cwiczenia2Gr2", "Cwiczenia2Gr2\Cwiczenia2Gr2.csproj", "{ED5FA399-4AA0-490C-9365-16330D895694}"
EndProject
Global
	GlobalSection(SolutionConfigurationPlatforms) = preSolution
		Debug|Any CPU = Debug|Any CPU
		Release|Any CPU = Release|Any CPU
	EndGlobalSection
	GlobalSection(ProjectConfigurationPlatforms) = postSolution
		{ED5FA399-4AA0-490C-9365-16330D895694}.Debug|Any CPU.ActiveCfg = Debug|Any CPU
		{ED5FA399-4AA0-490C-9365-16330D895694}.Debug|Any CPU.Build.0 = Debug|Any CPU
		{ED5FA399-4AA0-490C-9365-16330D895694}.Release|Any CPU.ActiveCfg = Release|Any CPU
		{ED5FA399-4AA0-490C-9365-16330D895694}.Release|Any CPU.Build.0 = Release|Any CPU
	EndGlobalSection
	GlobalSection(SolutionProperties) = preSolution
		HideSolutionNode = FALSE
	EndGlobalSection
	GlobalSection(ExtensibilityGlobals) = postSolution
		SolutionGuid = {F52F352C-D784-41CC-9686-3DA9A6C1B7EF}
	EndGlobalSection
EndGlobal
